{
  "name": "foldrun",
  "version": "0.4.0",
  "lockfileVersion": 3,
  "requires": true,
  "packages": {
    "": {
      "name": "foldrun",
      "version": "0.4.0",
      "license": "Apache-2.0",
      "dependencies": {
        "@foldrun/core": "^0.3.0"
      },
      "bin": {
        "foldrun": "bin/foldrun.mjs"
      },
      "engines": {
        "node": ">=22"
      }
    },
    "../foldrun-core": {
      "name": "@foldrun/core",
      "version": "0.3.0",
      "license": "Apache-2.0",
      "dependencies": {
        "@anthropic-ai/claude-agent-sdk": "0.3.220",
        "gray-matter": "^4.0.3",
        "zod": "4.4.3"
      },
      "devDependencies": {
        "@types/node": "^22",
        "typescript": "^5"
      },
      "engines": {
        "node": ">=22"
      }
    },
    "../foldrun-core/node_modules/@anthropic-ai/claude-agent-sdk": {
      "version": "0.3.220",
      "license": "SEE LICENSE IN README.md",
      "engines": {
        "node": ">=18.0.0"
      },
      "optionalDependencies": {
        "@anthropic-ai/claude-agent-sdk-darwin-arm64": "0.3.220",
        "@anthropic-ai/claude-agent-sdk-darwin-x64": "0.3.220",
        "@anthropic-ai/claude-agent-sdk-linux-arm64": "0.3.220",
        "@anthropic-ai/claude-agent-sdk-linux-arm64-musl": "0.3.220",
        "@anthropic-ai/claude-agent-sdk-linux-x64": "0.3.220",
        "@anthropic-ai/claude-agent-sdk-linux-x64-musl": "0.3.220",
        "@anthropic-ai/claude-agent-sdk-win32-arm64": "0.3.220",
        "@anthropic-ai/claude-agent-sdk-win32-x64": "0.3.220"
      },
      "peerDependencies": {
        "@anthropic-ai/sdk": ">=0.93.0",
        "@modelcontextprotocol/sdk": "^1.29.0",
        "zod": "^4.0.0"
      }
    },
    "../foldrun-core/node_modules/@anthropic-ai/claude-agent-sdk-darwin-arm64": {
      "version": "0.3.220",
      "cpu": [
        "arm64"
      ],
      "license": "SEE LICENSE IN LICENSE.md",
      "optional": true,
      "os": [
        "darwin"
      ]
    },
    "../foldrun-core/node_modules/@anthropic-ai/sdk": {
      "version": "0.123.0",
      "license": "MIT",
      "peer": true,
      "dependencies": {
        "json-schema-to-ts": "^3.1.1",
        "standardwebhooks": "^1.0.0"
      },
      "bin": {
        "anthropic-ai-sdk": "bin/cli"
      },
      "peerDependencies": {
        "zod": "^3.25.0 || ^4.0.0"
      },
      "peerDependenciesMeta": {
        "zod": {
          "optional": true
        }
      }
    },
    "../foldrun-core/node_modules/@babel/runtime": {
      "version": "7.29.7",
      "license": "MIT",
      "peer": true,
      "engines": {
        "node": ">=6.9.0"
      }
    },
    "../foldrun-core/node_modules/@hono/node-server": {
      "version": "2.1.1",
      "license": "MIT",
      "peer": true,
      "engines": {
        "node": ">=20"
      },
      "peerDependencies": {
        "hono": "^4"
      }
    },
    "../foldrun-core/node_modules/@modelcontextprotocol/sdk": {
      "version": "1.30.0",
      "license": "MIT",
      "peer": true,
      "dependencies": {
        "@hono/node-server": "^1.19.9 || ^2.0.5",
        "ajv": "^8.17.1",
        "ajv-formats": "^3.0.1",
        "content-type": "^1.0.5",
        "cors": "^2.8.5",
        "cross-spawn": "^7.0.5",
        "eventsource": "^3.0.2",
        "eventsource-parser": "^3.0.0",
        "express": "^5.2.1",
        "express-rate-limit": "^8.2.1",
        "hono": "^4.11.4",
        "jose": "^6.1.3",
        "json-schema-typed": "^8.0.2",
        "pkce-challenge": "^5.0.0",
        "raw-body": "^3.0.0",
        "zod": "^3.25 || ^4.0",
        "zod-to-json-schema": "^3.25.1"
      },
      "engines": {
        "node": ">=18"
      },
      "peerDependencies": {
        "@cfworker/json-schema": "^4.1.1",
        "zod": "^3.25 || ^4.0"
      },
      "peerDependenciesMeta": {
        "@cfworker/json-schema": {
          "optional": true
        },
        "zod": {
          "optional": false
        }
      }
    },
    "../foldrun-core/node_modules/@stablelib/base64": {
      "version": "1.0.1",
      "license": "MIT",
      "peer": true
    },
    "../foldrun-core/node_modules/@types/node": {
      "version": "22.20.1",
      "dev": true,
      "license": "MIT",
      "dependencies": {
        "undici-types": "~6.21.0"
      }
    },
    "../foldrun-core/node_modules/accepts": {
      "version": "2.0.0",
      "license": "MIT",
      "peer": true,
      "dependencies": {
        "mime-types": "^3.0.0",
        "negotiator": "^1.0.0"
      },
      "engines": {
        "node": ">= 0.6"
      }
    },
    "../foldrun-core/node_modules/ajv": {
      "version": "8.20.0",
      "license": "MIT",
      "peer": true,
      "dependencies": {
        "fast-deep-equal": "^3.1.3",
        "fast-uri": "^3.0.1",
        "json-schema-traverse": "^1.0.0",
        "require-from-string": "^2.0.2"
      },
      "funding": {
        "type": "github",
        "url": "https://github.com/sponsors/epoberezkin"
      }
    },
    "../foldrun-core/node_modules/ajv-formats": {
      "version": "3.0.1",
      "license": "MIT",
      "peer": true,
      "dependencies": {
        "ajv": "^8.0.0"
      },
      "peerDependencies": {
        "ajv": "^8.0.0"
      },
      "peerDependenciesMeta": {
        "ajv": {
          "optional": true
        }
      }
    },
    "../foldrun-core/node_modules/argparse": {
      "version": "1.0.10",
      "license": "MIT",
      "dependencies": {
        "sprintf-js": "~1.0.2"
      }
    },
    "../foldrun-core/node_modules/body-parser": {
      "version": "2.3.0",
      "license": "MIT",
      "peer": true,
      "dependencies": {
        "bytes": "^3.1.2",
        "content-type": "^2.0.0",
        "debug": "^4.4.3",
        "http-errors": "^2.0.1",
        "iconv-lite": "^0.7.2",
        "on-finished": "^2.4.1",
        "qs": "^6.15.2",
        "raw-body": "^3.0.2",
        "type-is": "^2.1.0"
      },
      "engines": {
        "node": ">=18"
      },
      "funding": {
        "type": "opencollective",
        "url": "https://opencollective.com/express"
      }
    },
    "../foldrun-core/node_modules/body-parser/node_modules/content-type": {
      "version": "2.1.0",
      "license": "MIT",
      "peer": true,
      "engines": {
        "node": ">=18"
      },
      "funding": {
        "type": "opencollective",
        "url": "https://opencollective.com/express"
      }
    },
    "../foldrun-core/node_modules/bytes": {
      "version": "3.1.2",
      "license": "MIT",
      "peer": true,
      "engines": {
        "node": ">= 0.8"
      }
    },
    "../foldrun-core/node_modules/call-bind-apply-helpers": {
      "version": "1.0.2",
      "license": "MIT",
      "peer": true,
      "dependencies": {
        "es-errors": "^1.3.0",
        "function-bind": "^1.1.2"
      },
      "engines": {
        "node": ">= 0.4"
      }
    },
    "../foldrun-core/node_modules/call-bound": {
      "version": "1.0.4",
      "license": "MIT",
      "peer": true,
      "dependencies": {
        "call-bind-apply-helpers": "^1.0.2",
        "get-intrinsic": "^1.3.0"
      },
      "engines": {
        "node": ">= 0.4"
      },
      "funding": {
        "url": "https://github.com/sponsors/ljharb"
      }
    },
    "../foldrun-core/node_modules/content-disposition": {
      "version": "1.1.0",
      "license": "MIT",
      "peer": true,
      "engines": {
        "node": ">=18"
      },
      "funding": {
        "type": "opencollective",
        "url": "https://opencollective.com/express"
      }
    },
    "../foldrun-core/node_modules/content-type": {
      "version": "1.0.5",
      "license": "MIT",
      "peer": true,
      "engines": {
        "node": ">= 0.6"
      }
    },
    "../foldrun-core/node_modules/cookie": {
      "version": "0.7.2",
      "license": "MIT",
      "peer": true,
      "engines": {
        "node": ">= 0.6"
      }
    },
    "../foldrun-core/node_modules/cookie-signature": {
      "version": "1.2.2",
      "license": "MIT",
      "peer": true,
      "engines": {
        "node": ">=6.6.0"
      }
    },
    "../foldrun-core/node_modules/cors": {
      "version": "2.8.6",
      "license": "MIT",
      "peer": true,
      "dependencies": {
        "object-assign": "^4",
        "vary": "^1"
      },
      "engines": {
        "node": ">= 0.10"
      },
      "funding": {
        "type": "opencollective",
        "url": "https://opencollective.com/express"
      }
    },
    "../foldrun-core/node_modules/cross-spawn": {
      "version": "7.0.6",
      "license": "MIT",
      "peer": true,
      "dependencies": {
        "path-key": "^3.1.0",
        "shebang-command": "^2.0.0",
        "which": "^2.0.1"
      },
      "engines": {
        "node": ">= 8"
      }
    },
    "../foldrun-core/node_modules/debug": {
      "version": "4.4.3",
      "license": "MIT",
      "peer": true,
      "dependencies": {
        "ms": "^2.1.3"
      },
      "engines": {
        "node": ">=6.0"
      },
      "peerDependenciesMeta": {
        "supports-color": {
          "optional": true
        }
      }
    },
    "../foldrun-core/node_modules/depd": {
      "version": "2.0.0",
      "license": "MIT",
      "peer": true,
      "engines": {
        "node": ">= 0.8"
      }
    },
    "../foldrun-core/node_modules/dunder-proto": {
      "version": "1.0.1",
      "license": "MIT",
      "peer": true,
      "dependencies": {
        "call-bind-apply-helpers": "^1.0.1",
        "es-errors": "^1.3.0",
        "gopd": "^1.2.0"
      },
      "engines": {
        "node": ">= 0.4"
      }
    },
    "../foldrun-core/node_modules/ee-first": {
      "version": "1.1.1",
      "license": "MIT",
      "peer": true
    },
    "../foldrun-core/node_modules/encodeurl": {
      "version": "2.0.0",
      "license": "MIT",
      "peer": true,
      "engines": {
        "node": ">= 0.8"
      }
    },
    "../foldrun-core/node_modules/es-define-property": {
      "version": "1.0.1",
      "license": "MIT",
      "peer": true,
      "engines": {
        "node": ">= 0.4"
      }
    },
    "../foldrun-core/node_modules/es-errors": {
      "version": "1.3.0",
      "license": "MIT",
      "peer": true,
      "engines": {
        "node": ">= 0.4"
      }
    },
    "../foldrun-core/node_modules/es-object-atoms": {
      "version": "1.1.2",
      "license": "MIT",
      "peer": true,
      "dependencies": {
        "es-errors": "^1.3.0"
      },
      "engines": {
        "node": ">= 0.4"
      }
    },
    "../foldrun-core/node_modules/escape-html": {
      "version": "1.0.3",
      "license": "MIT",
      "peer": true
    },
    "../foldrun-core/node_modules/esprima": {
      "version": "4.0.1",
      "license": "BSD-2-Clause",
      "bin": {
        "esparse": "bin/esparse.js",
        "esvalidate": "bin/esvalidate.js"
      },
      "engines": {
        "node": ">=4"
      }
    },
    "../foldrun-core/node_modules/etag": {
      "version": "1.8.1",
      "license": "MIT",
      "peer": true,
      "engines": {
        "node": ">= 0.6"
      }
    },
    "../foldrun-core/node_modules/eventsource": {
      "version": "3.0.7",
      "license": "MIT",
      "peer": true,
      "dependencies": {
        "eventsource-parser": "^3.0.1"
      },
      "engines": {
        "node": ">=18.0.0"
      }
    },
    "../foldrun-core/node_modules/eventsource-parser": {
      "version": "3.1.1",
      "license": "MIT",
      "peer": true,
      "engines": {
        "node": ">=18.0.0"
      }
    },
    "../foldrun-core/node_modules/express": {
      "version": "5.2.1",
      "license": "MIT",
      "peer": true,
      "dependencies": {
        "accepts": "^2.0.0",
        "body-parser": "^2.2.1",
        "content-disposition": "^1.0.0",
        "content-type": "^1.0.5",
        "cookie": "^0.7.1",
        "cookie-signature": "^1.2.1",
        "debug": "^4.4.0",
        "depd": "^2.0.0",
        "encodeurl": "^2.0.0",
        "escape-html": "^1.0.3",
        "etag": "^1.8.1",
        "finalhandler": "^2.1.0",
        "fresh": "^2.0.0",
        "http-errors": "^2.0.0",
        "merge-descriptors": "^2.0.0",
        "mime-types": "^3.0.0",
        "on-finished": "^2.4.1",
        "once": "^1.4.0",
        "parseurl": "^1.3.3",
        "proxy-addr": "^2.0.7",
        "qs": "^6.14.0",
        "range-parser": "^1.2.1",
        "router": "^2.2.0",
        "send": "^1.1.0",
        "serve-static": "^2.2.0",
        "statuses": "^2.0.1",
        "type-is": "^2.0.1",
        "vary": "^1.1.2"
      },
      "engines": {
        "node": ">= 18"
      },
      "funding": {
        "type": "opencollective",
        "url": "https://opencollective.com/express"
      }
    },
    "../foldrun-core/node_modules/express-rate-limit": {
      "version": "8.7.0",
      "license": "MIT",
      "peer": true,
      "dependencies": {
        "debug": "^4.4.3",
        "ip-address": "^10.2.0"
      },
      "engines": {
        "node": ">= 16"
      },
      "funding": {
        "url": "https://github.com/sponsors/express-rate-limit"
      },
      "peerDependencies": {
        "express": ">= 4.11"
      }
    },
    "../foldrun-core/node_modules/extend-shallow": {
      "version": "2.0.1",
      "license": "MIT",
      "dependencies": {
        "is-extendable": "^0.1.0"
      },
      "engines": {
        "node": ">=0.10.0"
      }
    },
    "../foldrun-core/node_modules/fast-deep-equal": {
      "version": "3.1.3",
      "license": "MIT",
      "peer": true
    },
    "../foldrun-core/node_modules/fast-sha256": {
      "version": "1.3.0",
      "license": "Unlicense",
      "peer": true
    },
    "../foldrun-core/node_modules/fast-uri": {
      "version": "3.1.7",
      "funding": [
        {
          "type": "github",
          "url": "https://github.com/sponsors/fastify"
        },
        {
          "type": "opencollective",
          "url": "https://opencollective.com/fastify"
        }
      ],
      "license": "BSD-3-Clause",
      "peer": true
    },
    "../foldrun-core/node_modules/finalhandler": {
      "version": "2.1.1",
      "license": "MIT",
      "peer": true,
      "dependencies": {
        "debug": "^4.4.0",
        "encodeurl": "^2.0.0",
        "escape-html": "^1.0.3",
        "on-finished": "^2.4.1",
        "parseurl": "^1.3.3",
        "statuses": "^2.0.1"
      },
      "engines": {
        "node": ">= 18.0.0"
      },
      "funding": {
        "type": "opencollective",
        "url": "https://opencollective.com/express"
      }
    },
    "../foldrun-core/node_modules/forwarded": {
      "version": "0.2.0",
      "license": "MIT",
      "peer": true,
      "engines": {
        "node": ">= 0.6"
      }
    },
    "../foldrun-core/node_modules/fresh": {
      "version": "2.0.0",
      "license": "MIT",
      "peer": true,
      "engines": {
        "node": ">= 0.8"
      }
    },
    "../foldrun-core/node_modules/function-bind": {
      "version": "1.1.2",
      "license": "MIT",
      "peer": true,
      "funding": {
        "url": "https://github.com/sponsors/ljharb"
      }
    },
    "../foldrun-core/node_modules/get-intrinsic": {
      "version": "1.3.0",
      "license": "MIT",
      "peer": true,
      "dependencies": {
        "call-bind-apply-helpers": "^1.0.2",
        "es-define-property": "^1.0.1",
        "es-errors": "^1.3.0",
        "es-object-atoms": "^1.1.1",
        "function-bind": "^1.1.2",
        "get-proto": "^1.0.1",
        "gopd": "^1.2.0",
        "has-symbols": "^1.1.0",
        "hasown": "^2.0.2",
        "math-intrinsics": "^1.1.0"
      },
      "engines": {
        "node": ">= 0.4"
      },
      "funding": {
        "url": "https://github.com/sponsors/ljharb"
      }
    },
    "../foldrun-core/node_modules/get-proto": {
      "version": "1.0.1",
      "license": "MIT",
      "peer": true,
      "dependencies": {
        "dunder-proto": "^1.0.1",
        "es-object-atoms": "^1.0.0"
      },
      "engines": {
        "node": ">= 0.4"
      }
    },
    "../foldrun-core/node_modules/gopd": {
      "version": "1.2.0",
      "license": "MIT",
      "peer": true,
      "engines": {
        "node": ">= 0.4"
      },
      "funding": {
        "url": "https://github.com/sponsors/ljharb"
      }
    },
    "../foldrun-core/node_modules/gray-matter": {
      "version": "4.0.3",
      "license": "MIT",
      "dependencies": {
        "js-yaml": "^3.13.1",
        "kind-of": "^6.0.2",
        "section-matter": "^1.0.0",
        "strip-bom-string": "^1.0.0"
      },
      "engines": {
        "node": ">=6.0"
      }
    },
    "../foldrun-core/node_modules/has-symbols": {
      "version": "1.1.0",
      "license": "MIT",
      "peer": true,
      "engines": {
        "node": ">= 0.4"
      },
      "funding": {
        "url": "https://github.com/sponsors/ljharb"
      }
    },
    "../foldrun-core/node_modules/hasown": {
      "version": "2.0.4",
      "license": "MIT",
      "peer": true,
      "dependencies": {
        "function-bind": "^1.1.2"
      },
      "engines": {
        "node": ">= 0.4"
      }
    },
    "../foldrun-core/node_modules/hono": {
      "version": "4.13.5",
      "license": "MIT",
      "peer": true,
      "engines": {
        "node": ">=16.9.0"
      }
    },
    "../foldrun-core/node_modules/http-errors": {
      "version": "2.0.1",
      "license": "MIT",
      "peer": true,
      "dependencies": {
        "depd": "~2.0.0",
        "inherits": "~2.0.4",
        "setprototypeof": "~1.2.0",
        "statuses": "~2.0.2",
        "toidentifier": "~1.0.1"
      },
      "engines": {
        "node": ">= 0.8"
      },
      "funding": {
        "type": "opencollective",
        "url": "https://opencollective.com/express"
      }
    },
    "../foldrun-core/node_modules/iconv-lite": {
      "version": "0.7.3",
      "license": "MIT",
      "peer": true,
      "dependencies": {
        "safer-buffer": ">= 2.1.2 < 3.0.0"
      },
      "engines": {
        "node": ">=0.10.0"
      },
      "funding": {
        "type": "opencollective",
        "url": "https://opencollective.com/express"
      }
    },
    "../foldrun-core/node_modules/inherits": {
      "version": "2.0.4",
      "license": "ISC",
      "peer": true
    },
    "../foldrun-core/node_modules/ip-address": {
      "version": "10.7.0",
      "license": "MIT",
      "peer": true,
      "engines": {
        "node": ">= 12"
      }
    },
    "../foldrun-core/node_modules/ipaddr.js": {
      "version": "1.9.1",
      "license": "MIT",
      "peer": true,
      "engines": {
        "node": ">= 0.10"
      }
    },
    "../foldrun-core/node_modules/is-extendable": {
      "version": "0.1.1",
      "license": "MIT",
      "engines": {
        "node": ">=0.10.0"
      }
    },
    "../foldrun-core/node_modules/is-promise": {
      "version": "4.0.0",
      "license": "MIT",
      "peer": true
    },
    "../foldrun-core/node_modules/isexe": {
      "version": "2.0.0",
      "license": "ISC",
      "peer": true
    },
    "../foldrun-core/node_modules/jose": {
      "version": "6.2.10",
      "license": "MIT",
      "peer": true,
      "funding": {
        "url": "https://github.com/sponsors/panva"
      }
    },
    "../foldrun-core/node_modules/js-yaml": {
      "version": "3.15.2",
      "license": "MIT",
      "dependencies": {
        "argparse": "^1.0.7",
        "esprima": "^4.0.0"
      },
      "bin": {
        "js-yaml": "bin/js-yaml.js"
      }
    },
    "../foldrun-core/node_modules/json-schema-to-ts": {
      "version": "3.1.1",
      "license": "MIT",
      "peer": true,
      "dependencies": {
        "@babel/runtime": "^7.18.3",
        "ts-algebra": "^2.0.0"
      },
      "engines": {
        "node": ">=16"
      }
    },
    "../foldrun-core/node_modules/json-schema-traverse": {
      "version": "1.0.0",
      "license": "MIT",
      "peer": true
    },
    "../foldrun-core/node_modules/json-schema-typed": {
      "version": "8.0.2",
      "license": "BSD-2-Clause",
      "peer": true
    },
    "../foldrun-core/node_modules/kind-of": {
      "version": "6.0.3",
      "license": "MIT",
      "engines": {
        "node": ">=0.10.0"
      }
    },
    "../foldrun-core/node_modules/math-intrinsics": {
      "version": "1.1.0",
      "license": "MIT",
      "peer": true,
      "engines": {
        "node": ">= 0.4"
      }
    },
    "../foldrun-core/node_modules/media-typer": {
      "version": "1.1.1",
      "license": "MIT",
      "peer": true,
      "engines": {
        "node": ">= 0.8"
      },
      "funding": {
        "type": "opencollective",
        "url": "https://opencollective.com/express"
      }
    },
    "../foldrun-core/node_modules/merge-descriptors": {
      "version": "2.0.0",
      "license": "MIT",
      "peer": true,
      "engines": {
        "node": ">=18"
      },
      "funding": {
        "url": "https://github.com/sponsors/sindresorhus"
      }
    },
    "../foldrun-core/node_modules/mime-db": {
      "version": "1.54.0",
      "license": "MIT",
      "peer": true,
      "engines": {
        "node": ">= 0.6"
      }
    },
    "../foldrun-core/node_modules/mime-types": {
      "version": "3.0.2",
      "license": "MIT",
      "peer": true,
      "dependencies": {
        "mime-db": "^1.54.0"
      },
      "engines": {
        "node": ">=18"
      },
      "funding": {
        "type": "opencollective",
        "url": "https://opencollective.com/express"
      }
    },
    "../foldrun-core/node_modules/ms": {
      "version": "2.1.3",
      "license": "MIT",
      "peer": true
    },
    "../foldrun-core/node_modules/negotiator": {
      "version": "1.1.0",
      "license": "MIT",
      "peer": true,
      "dependencies": {
        "content-type": "^2.1.0"
      },
      "engines": {
        "node": ">=18"
      },
      "funding": {
        "type": "opencollective",
        "url": "https://opencollective.com/express"
      }
    },
    "../foldrun-core/node_modules/negotiator/node_modules/content-type": {
      "version": "2.1.0",
      "license": "MIT",
      "peer": true,
      "engines": {
        "node": ">=18"
      },
      "funding": {
        "type": "opencollective",
        "url": "https://opencollective.com/express"
      }
    },
    "../foldrun-core/node_modules/object-assign": {
      "version": "4.1.1",
      "license": "MIT",
      "peer": true,
      "engines": {
        "node": ">=0.10.0"
      }
    },
    "../foldrun-core/node_modules/object-inspect": {
      "version": "1.13.4",
      "license": "MIT",
      "peer": true,
      "engines": {
        "node": ">= 0.4"
      },
      "funding": {
        "url": "https://github.com/sponsors/ljharb"
      }
    },
    "../foldrun-core/node_modules/on-finished": {
      "version": "2.4.1",
      "license": "MIT",
      "peer": true,
      "dependencies": {
        "ee-first": "1.1.1"
      },
      "engines": {
        "node": ">= 0.8"
      }
    },
    "../foldrun-core/node_modules/once": {
      "version": "1.4.0",
      "license": "ISC",
      "peer": true,
      "dependencies": {
        "wrappy": "1"
      }
    },
    "../foldrun-core/node_modules/parseurl": {
      "version": "1.3.3",
      "license": "MIT",
      "peer": true,
      "engines": {
        "node": ">= 0.8"
      }
    },
    "../foldrun-core/node_modules/path-key": {
      "version": "3.1.1",
      "license": "MIT",
      "peer": true,
      "engines": {
        "node": ">=8"
      }
    },
    "../foldrun-core/node_modules/path-to-regexp": {
      "version": "8.4.2",
      "license": "MIT",
      "peer": true,
      "funding": {
        "type": "opencollective",
        "url": "https://opencollective.com/express"
      }
    },
    "../foldrun-core/node_modules/pkce-challenge": {
      "version": "5.0.1",
      "license": "MIT",
      "peer": true,
      "engines": {
        "node": ">=16.20.0"
      }
    },
    "../foldrun-core/node_modules/proxy-addr": {
      "version": "2.0.7",
      "license": "MIT",
      "peer": true,
      "dependencies": {
        "forwarded": "0.2.0",
        "ipaddr.js": "1.9.1"
      },
      "engines": {
        "node": ">= 0.10"
      }
    },
    "../foldrun-core/node_modules/qs": {
      "version": "6.16.0",
      "license": "BSD-3-Clause",
      "peer": true,
      "dependencies": {
        "es-define-property": "^1.0.1",
        "side-channel": "^1.1.1"
      },
      "engines": {
        "node": ">=0.6"
      },
      "funding": {
        "url": "https://github.com/sponsors/ljharb"
      }
    },
    "../foldrun-core/node_modules/range-parser": {
      "version": "1.3.0",
      "license": "MIT",
      "peer": true,
      "engines": {
        "node": ">= 0.6"
      },
      "funding": {
        "type": "opencollective",
        "url": "https://opencollective.com/express"
      }
    },
    "../foldrun-core/node_modules/raw-body": {
      "version": "3.0.2",
      "license": "MIT",
      "peer": true,
      "dependencies": {
        "bytes": "~3.1.2",
        "http-errors": "~2.0.1",
        "iconv-lite": "~0.7.0",
        "unpipe": "~1.0.0"
      },
      "engines": {
        "node": ">= 0.10"
      }
    },
    "../foldrun-core/node_modules/require-from-string": {
      "version": "2.0.2",
      "license": "MIT",
      "peer": true,
      "engines": {
        "node": ">=0.10.0"
      }
    },
    "../foldrun-core/node_modules/router": {
      "version": "2.2.0",
      "license": "MIT",
      "peer": true,
      "dependencies": {
        "debug": "^4.4.0",
        "depd": "^2.0.0",
        "is-promise": "^4.0.0",
        "parseurl": "^1.3.3",
        "path-to-regexp": "^8.0.0"
      },
      "engines": {
        "node": ">= 18"
      }
    },
    "../foldrun-core/node_modules/safer-buffer": {
      "version": "2.1.2",
      "license": "MIT",
      "peer": true
    },
    "../foldrun-core/node_modules/section-matter": {
      "version": "1.0.0",
      "license": "MIT",
      "dependencies": {
        "extend-shallow": "^2.0.1",
        "kind-of": "^6.0.0"
      },
      "engines": {
        "node": ">=4"
      }
    },
    "../foldrun-core/node_modules/send": {
      "version": "1.2.1",
      "license": "MIT",
      "peer": true,
      "dependencies": {
        "debug": "^4.4.3",
        "encodeurl": "^2.0.0",
        "escape-html": "^1.0.3",
        "etag": "^1.8.1",
        "fresh": "^2.0.0",
        "http-errors": "^2.0.1",
        "mime-types": "^3.0.2",
        "ms": "^2.1.3",
        "on-finished": "^2.4.1",
        "range-parser": "^1.2.1",
        "statuses": "^2.0.2"
      },
      "engines": {
        "node": ">= 18"
      },
      "funding": {
        "type": "opencollective",
        "url": "https://opencollective.com/express"
      }
    },
    "../foldrun-core/node_modules/serve-static": {
      "version": "2.2.1",
      "license": "MIT",
      "peer": true,
      "dependencies": {
        "encodeurl": "^2.0.0",
        "escape-html": "^1.0.3",
        "parseurl": "^1.3.3",
        "send": "^1.2.0"
      },
      "engines": {
        "node": ">= 18"
      },
      "funding": {
        "type": "opencollective",
        "url": "https://opencollective.com/express"
      }
    },
    "../foldrun-core/node_modules/setprototypeof": {
      "version": "1.2.0",
      "license": "ISC",
      "peer": true
    },
    "../foldrun-core/node_modules/shebang-command": {
      "version": "2.0.0",
      "license": "MIT",
      "peer": true,
      "dependencies": {
        "shebang-regex": "^3.0.0"
      },
      "engines": {
        "node": ">=8"
      }
    },
    "../foldrun-core/node_modules/shebang-regex": {
      "version": "3.0.0",
      "license": "MIT",
      "peer": true,
      "engines": {
        "node": ">=8"
      }
    },
    "../foldrun-core/node_modules/side-channel": {
      "version": "1.1.1",
      "license": "MIT",
      "peer": true,
      "dependencies": {
        "es-errors": "^1.3.0",
        "object-inspect": "^1.13.4",
        "side-channel-list": "^1.0.1",
        "side-channel-map": "^1.0.1",
        "side-channel-weakmap": "^1.0.2"
      },
      "engines": {
        "node": ">= 0.4"
      },
      "funding": {
        "url": "https://github.com/sponsors/ljharb"
      }
    },
    "../foldrun-core/node_modules/side-channel-list": {
      "version": "1.0.1",
      "license": "MIT",
      "peer": true,
      "dependencies": {
        "es-errors": "^1.3.0",
        "object-inspect": "^1.13.4"
      },
      "engines": {
        "node": ">= 0.4"
      },
      "funding": {
        "url": "https://github.com/sponsors/ljharb"
      }
    },
    "../foldrun-core/node_modules/side-channel-map": {
      "version": "1.0.1",
      "license": "MIT",
      "peer": true,
      "dependencies": {
        "call-bound": "^1.0.2",
        "es-errors": "^1.3.0",
        "get-intrinsic": "^1.2.5",
        "object-inspect": "^1.13.3"
      },
      "engines": {
        "node": ">= 0.4"
      },
      "funding": {
        "url": "https://github.com/sponsors/ljharb"
      }
    },
    "../foldrun-core/node_modules/side-channel-weakmap": {
      "version": "1.0.2",
      "license": "MIT",
      "peer": true,
      "dependencies": {
        "call-bound": "^1.0.2",
        "es-errors": "^1.3.0",
        "get-intrinsic": "^1.2.5",
        "object-inspect": "^1.13.3",
        "side-channel-map": "^1.0.1"
      },
      "engines": {
        "node": ">= 0.4"
      },
      "funding": {
        "url": "https://github.com/sponsors/ljharb"
      }
    },
    "../foldrun-core/node_modules/sprintf-js": {
      "version": "1.0.3",
      "license": "BSD-3-Clause"
    },
    "../foldrun-core/node_modules/standardwebhooks": {
      "version": "1.1.1",
      "license": "MIT",
      "peer": true,
      "dependencies": {
        "@stablelib/base64": "^1.0.0",
        "fast-sha256": "^1.3.0"
      }
    },
    "../foldrun-core/node_modules/statuses": {
      "version": "2.0.2",
      "license": "MIT",
      "peer": true,
      "engines": {
        "node": ">= 0.8"
      }
    },
    "../foldrun-core/node_modules/strip-bom-string": {
      "version": "1.0.0",
      "license": "MIT",
      "engines": {
        "node": ">=0.10.0"
      }
    },
    "../foldrun-core/node_modules/toidentifier": {
      "version": "1.0.1",
      "license": "MIT",
      "peer": true,
      "engines": {
        "node": ">=0.6"
      }
    },
    "../foldrun-core/node_modules/ts-algebra": {
      "version": "2.0.0",
      "license": "MIT",
      "peer": true
    },
    "../foldrun-core/node_modules/type-is": {
      "version": "2.1.0",
      "license": "MIT",
      "peer": true,
      "dependencies": {
        "content-type": "^2.0.0",
        "media-typer": "^1.1.0",
        "mime-types": "^3.0.0"
      },
      "engines": {
        "node": ">= 18"
      },
      "funding": {
        "type": "opencollective",
        "url": "https://opencollective.com/express"
      }
    },
    "../foldrun-core/node_modules/type-is/node_modules/content-type": {
      "version": "2.1.0",
      "license": "MIT",
      "peer": true,
      "engines": {
        "node": ">=18"
      },
      "funding": {
        "type": "opencollective",
        "url": "https://opencollective.com/express"
      }
    },
    "../foldrun-core/node_modules/typescript": {
      "version": "5.9.3",
      "dev": true,
      "license": "Apache-2.0",
      "bin": {
        "tsc": "bin/tsc",
        "tsserver": "bin/tsserver"
      },
      "engines": {
        "node": ">=14.17"
      }
    },
    "../foldrun-core/node_modules/undici-types": {
      "version": "6.21.0",
      "dev": true,
      "license": "MIT"
    },
    "../foldrun-core/node_modules/unpipe": {
      "version": "1.0.0",
      "license": "MIT",
      "peer": true,
      "engines": {
        "node": ">= 0.8"
      }
    },
    "../foldrun-core/node_modules/vary": {
      "version": "1.1.2",
      "license": "MIT",
      "peer": true,
      "engines": {
        "node": ">= 0.8"
      }
    },
    "../foldrun-core/node_modules/which": {
      "version": "2.0.2",
      "license": "ISC",
      "peer": true,
      "dependencies": {
        "isexe": "^2.0.0"
      },
      "bin": {
        "node-which": "bin/node-which"
      },
      "engines": {
        "node": ">= 8"
      }
    },
    "../foldrun-core/node_modules/wrappy": {
      "version": "1.0.2",
      "license": "ISC",
      "peer": true
    },
    "../foldrun-core/node_modules/zod": {
      "version": "4.4.3",
      "license": "MIT",
      "funding": {
        "url": "https://github.com/sponsors/colinhacks"
      }
    },
    "../foldrun-core/node_modules/zod-to-json-schema": {
      "version": "3.25.2",
      "license": "ISC",
      "peer": true,
      "peerDependencies": {
        "zod": "^3.25.28 || ^4"
      }
    },
    "node_modules/@foldrun/core": {
      "resolved": "../foldrun-core",
      "link": true
    }
  }
}
